
Microsoft Visual Studio Solution File, Format Version 12.00
# Visual Studio 15
VisualStudioVersion = 15.0.27004.2002
MinimumVisualStudioVersion = 10.0.40219.1
Project("{FAE04EC0-301F-11D3-BF4B-00C04F79EFBC}") = "Metody00_Prvocisla", "Metody00_Prvocisla\Metody00_Prvocisla.csproj", "{E98D00C2-19FB-40DC-A240-EFD2658F8B79}"
EndProject
Global
	GlobalSection(SolutionConfigurationPlatforms) = preSolution
		Debug|Any CPU = Debug|Any CPU
		Release|Any CPU = Release|Any CPU
	EndGlobalSection
	GlobalSection(ProjectConfigurationPlatforms) = postSolution
		{E98D00C2-19FB-40DC-A240-EFD2658F8B79}.Debug|Any CPU.ActiveCfg = Debug|Any CPU
		{E98D00C2-19FB-40DC-A240-EFD2658F8B79}.Debug|Any CPU.Build.0 = Debug|Any CPU
		{E98D00C2-19FB-40DC-A240-EFD2658F8B79}.Release|Any CPU.ActiveCfg = Release|Any CPU
		{E98D00C2-19FB-40DC-A240-EFD2658F8B79}.Release|Any CPU.Build.0 = Release|Any CPU
	EndGlobalSection
	GlobalSection(SolutionProperties) = preSolution
		HideSolutionNode = FALSE
	EndGlobalSection
	GlobalSection(ExtensibilityGlobals) = postSolution
		SolutionGuid = {373DCFA3-41BA-41F1-920B-31071035A9CF}
	EndGlobalSection
EndGlobal
